
Microsoft Visual Studio Solution File, Format Version 12.00
# Visual Studio Version 17
VisualStudioVersion = 17.4.33122.133
MinimumVisualStudioVersion = 10.0.40219.1
Project("{888888A0-9F3D-457C-B088-3A5042F75D52}") = "DjangoWebProject2", "DjangoWebProject2.pyproj", "{974F2CC7-A2BD-4BA4-8D25-6C510BC13D1D}"
EndProject
Global
	GlobalSection(SolutionConfigurationPlatforms) = preSolution
		Debug|Any CPU = Debug|Any CPU
		Release|Any CPU = Release|Any CPU
	EndGlobalSection
	GlobalSection(ProjectConfigurationPlatforms) = postSolution
		{974F2CC7-A2BD-4BA4-8D25-6C510BC13D1D}.Debug|Any CPU.ActiveCfg = Debug|Any CPU
		{974F2CC7-A2BD-4BA4-8D25-6C510BC13D1D}.Debug|Any CPU.Build.0 = Debug|Any CPU
		{974F2CC7-A2BD-4BA4-8D25-6C510BC13D1D}.Release|Any CPU.ActiveCfg = Release|Any CPU
		{974F2CC7-A2BD-4BA4-8D25-6C510BC13D1D}.Release|Any CPU.Build.0 = Release|Any CPU
	EndGlobalSection
	GlobalSection(SolutionProperties) = preSolution
		HideSolutionNode = FALSE
	EndGlobalSection
	GlobalSection(ExtensibilityGlobals) = postSolution
		SolutionGuid = {D50872C6-60DB-486A-866F-E405EFDE1913}
	EndGlobalSection
EndGlobal
